// !$*UTF8*$!
{
	archiveVersion = 1;
	classes = {
	};
	objectVersion = 46;
	objects = {

/* Begin PBXBuildFile section */
		DC8D7ED01C485BD4006A633A /* AppDelegate.swift in Sources */ = {isa = PBXBuildFile; fileRef = DC8D7ECF1C485BD4006A633A /* AppDelegate.swift */; };
		DC8D7ED21C485BD4006A633A /* ViewController.swift in Sources */ = {isa = PBXBuildFile; fileRef = DC8D7ED11C485BD4006A633A /* ViewController.swift */; };
		DC8D7ED51C485BD4006A633A /* Main.storyboard in Resources */ = {isa = PBXBuildFile; fileRef = DC8D7ED31C485BD4006A633A /* Main.storyboard */; };
		DC8D7ED71C485BD4006A633A /* Assets.xcassets in Resources */ = {isa = PBXBuildFile; fileRef = DC8D7ED61C485BD4006A633A /* Assets.xcassets */; };
		DC8D7EDA1C485BD4006A633A /* LaunchScreen.storyboard in Resources */ = {isa = PBXBuildFile; fileRef = DC8D7ED81C485BD4006A633A /* LaunchScreen.storyboard */; };
		DC8D7EE51C485BD4006A633A /* SampleAppTests.swift in Sources */ = {isa = PBXBuildFile; fileRef = DC8D7EE41C485BD4006A633A /* SampleAppTests.swift */; };
		DC8D7EFE1C486473006A633A /* Target.swift in Sources */ = {isa = PBXBuildFile; fileRef = DC8D7EFD1C486473006A633A /* Target.swift */; };
		DC8D7F001C486505006A633A /* TargetTests.swift in Sources */ = {isa = PBXBuildFile; fileRef = DC8D7EFF1C486505006A633A /* TargetTests.swift */; };
/* End PBXBuildFile section */

/* Begin PBXContainerItemProxy section */
		DC8D7EE11C485BD4006A633A /* PBXContainerItemProxy */ = {
			isa = PBXContainerItemProxy;
			containerPortal = DC8D7EC41C485BD4006A633A /* Project object */;
			proxyType = 1;
			remoteGlobalIDString = DC8D7ECB1C485BD4006A633A;
			remoteInfo = SampleApp;
		};
/* End PBXContainerItemProxy section */

/* Begin PBXFileReference section */
		DC8D7ECC1C485BD4006A633A /* SampleApp.app */ = {isa = PBXFileReference; explicitFileType = wrapper.application; includeInIndex = 0; path = SampleApp.app; sourceTree = BUILT_PRODUCTS_DIR; };
		DC8D7ECF1C485BD4006A633A /* AppDelegate.swift */ = {isa = PBXFileReference; lastKnownFileType = sourcecode.swift; path = AppDelegate.swift; sourceTree = "<group>"; };
		DC8D7ED11C485BD4006A633A /* ViewController.swift */ = {isa = PBXFileReference; lastKnownFileType = sourcecode.swift; path = ViewController.swift; sourceTree = "<group>"; };
		DC8D7ED41C485BD4006A633A /* Base */ = {isa = PBXFileReference; lastKnownFileType = file.storyboard; name = Base; path = Base.lproj/Main.storyboard; sourceTree = "<group>"; };
		DC8D7ED61C485BD4006A633A /* Assets.xcassets */ = {isa = PBXFileReference; lastKnownFileType = folder.assetcatalog; path = Assets.xcassets; sourceTree = "<group>"; };
		DC8D7ED91C485BD4006A633A /* Base */ = {isa = PBXFileReference; lastKnownFileType = file.storyboard; name = Base; path = Base.lproj/LaunchScreen.storyboard; sourceTree = "<group>"; };
		DC8D7EDB1C485BD4006A633A /* Info.plist */ = {isa = PBXFileReference; lastKnownFileType = text.plist.xml; path = Info.plist; sourceTree = "<group>"; };
		DC8D7EE01C485BD4006A633A /* SampleAppTests.xctest */ = {isa = PBXFileReference; explicitFileType = wrapper.cfbundle; includeInIndex = 0; path = SampleAppTests.xctest; sourceTree = BUILT_PRODUCTS_DIR; };
		DC8D7EE41C485BD4006A633A /* SampleAppTests.swift */ = {isa = PBXFileReference; lastKnownFileType = sourcecode.swift; path = SampleAppTests.swift; sourceTree = "<group>"; };
		DC8D7EE61C485BD4006A633A /* Info.plist */ = {isa = PBXFileReference; lastKnownFileType = text.plist.xml; path = Info.plist; sourceTree = "<group>"; };
		DC8D7EFD1C486473006A633A /* Target.swift */ = {isa = PBXFileReference; fileEncoding = 4; lastKnownFileType = sourcecode.swift; path = Target.swift; sourceTree = "<group>"; };
		DC8D7EFF1C486505006A633A /* TargetTests.swift */ = {isa = PBXFileReference; fileEncoding = 4; lastKnownFileType = sourcecode.swift; path = TargetTests.swift; sourceTree = "<group>"; };
/* End PBXFileReference section */

/* Begin PBXFrameworksBuildPhase section */
		DC8D7EC91C485BD4006A633A /* Frameworks */ = {
			isa = PBXFrameworksBuildPhase;
			buildActionMask = 2147483647;
			files = (
			);
			runOnlyForDeploymentPostprocessing = 0;
		};
		DC8D7EDD1C485BD4006A633A /* Frameworks */ = {
			isa = PBXFrameworksBuildPhase;
			buildActionMask = 2147483647;
			files = (
			);
			runOnlyForDeploymentPostprocessing = 0;
		};
/* End PBXFrameworksBuildPhase section */

/* Begin PBXGroup section */
		DC8D7EC31C485BD4006A633A = {
			isa = PBXGroup;
			children = (
				DC8D7ECE1C485BD4006A633A /* SampleApp */,
				DC8D7EE31C485BD4006A633A /* SampleAppTests */,
				DC8D7ECD1C485BD4006A633A /* Products */,
			);
			sourceTree = "<group>";
		};
		DC8D7ECD1C485BD4006A633A /* Products */ = {
			isa = PBXGroup;
			children = (
				DC8D7ECC1C485BD4006A633A /* SampleApp.app */,
				DC8D7EE01C485BD4006A633A /* SampleAppTests.xctest */,
			);
			name = Products;
			sourceTree = "<group>";
		};
		DC8D7ECE1C485BD4006A633A /* SampleApp */ = {
			isa = PBXGroup;
			children = (
				DC8D7ECF1C485BD4006A633A /* AppDelegate.swift */,
				DC8D7ED11C485BD4006A633A /* ViewController.swift */,
				DC8D7ED31C485BD4006A633A /* Main.storyboard */,
				DC8D7ED61C485BD4006A633A /* Assets.xcassets */,
				DC8D7ED81C485BD4006A633A /* LaunchScreen.storyboard */,
				DC8D7EDB1C485BD4006A633A /* Info.plist */,
				DC8D7EFD1C486473006A633A /* Target.swift */,
			);
			path = SampleApp;
			sourceTree = "<group>";
		};
		DC8D7EE31C485BD4006A633A /* SampleAppTests */ = {
			isa = PBXGroup;
			children = (
				DC8D7EE41C485BD4006A633A /* SampleAppTests.swift */,
				DC8D7EE61C485BD4006A633A /* Info.plist */,
				DC8D7EFF1C486505006A633A /* TargetTests.swift */,
			);
			path = SampleAppTests;
			sourceTree = "<group>";
		};
/* End PBXGroup section */

/* Begin PBXNativeTarget section */
		DC8D7ECB1C485BD4006A633A /* SampleApp */ = {
			isa = PBXNativeTarget;
			buildConfigurationList = DC8D7EF41C485BD4006A633A /* Build configuration list for PBXNativeTarget "SampleApp" */;
			buildPhases = (
				DC8D7EC81C485BD4006A633A /* Sources */,
				DC8D7EC91C485BD4006A633A /* Frameworks */,
				DC8D7ECA1C485BD4006A633A /* Resources */,
			);
			buildRules = (
			);
			dependencies = (
			);
			name = SampleApp;
			productName = SampleApp;
			productReference = DC8D7ECC1C485BD4006A633A /* SampleApp.app */;
			productType = "com.apple.product-type.application";
		};
		DC8D7EDF1C485BD4006A633A /* SampleAppTests */ = {
			isa = PBXNativeTarget;
			buildConfigurationList = DC8D7EF71C485BD4006A633A /* Build configuration list for PBXNativeTarget "SampleAppTests" */;
			buildPhases = (
				DC8D7EDC1C485BD4006A633A /* Sources */,
				DC8D7EDD1C485BD4006A633A /* Frameworks */,
				DC8D7EDE1C485BD4006A633A /* Resources */,
			);
			buildRules = (
			);
			dependencies = (
				DC8D7EE21C485BD4006A633A /* PBXTargetDependency */,
			);
			name = SampleAppTests;
			productName = SampleAppTests;
			productReference = DC8D7EE01C485BD4006A633A /* SampleAppTests.xctest */;
			productType = "com.apple.product-type.bundle.unit-test";
		};
/* End PBXNativeTarget section */

/* Begin PBXProject section */
		DC8D7EC41C485BD4006A633A /* Project object */ = {
			isa = PBXProject;
			attributes = {
				LastSwiftUpdateCheck = 0720;
				LastUpgradeCheck = 0720;
				ORGANIZATIONNAME = XiLosada;
				TargetAttributes = {
					DC8D7ECB1C485BD4006A633A = {
						CreatedOnToolsVersion = 7.2;
					};
					DC8D7EDF1C485BD4006A633A = {
						CreatedOnToolsVersion = 7.2;
						TestTargetID = DC8D7ECB1C485BD4006A633A;
					};
				};
			};
			buildConfigurationList = DC8D7EC71C485BD4006A633A /* Build configuration list for PBXProject "SampleApp" */;
			compatibilityVersion = "Xcode 3.2";
			developmentRegion = English;
			hasScannedForEncodings = 0;
			knownRegions = (
				en,
				Base,
			);
			mainGroup = DC8D7EC31C485BD4006A633A;
			productRefGroup = DC8D7ECD1C485BD4006A633A /* Products */;
			projectDirPath = "";
			projectRoot = "";
			targets = (
				DC8D7ECB1C485BD4006A633A /* SampleApp */,
				DC8D7EDF1C485BD4006A633A /* SampleAppTests */,
			);
		};
/* End PBXProject section */

/* Begin PBXResourcesBuildPhase section */
		DC8D7ECA1C485BD4006A633A /* Resources */ = {
			isa = PBXResourcesBuildPhase;
			buildActionMask = 2147483647;
			files = (
				DC8D7EDA1C485BD4006A633A /* LaunchScreen.storyboard in Resources */,
				DC8D7ED71C485BD4006A633A /* Assets.xcassets in Resources */,
				DC8D7ED51C485BD4006A633A /* Main.storyboard in Resources */,
			);
			runOnlyForDeploymentPostprocessing = 0;
		};
		DC8D7EDE1C485BD4006A633A /* Resources */ = {
			isa = PBXResourcesBuildPhase;
			buildActionMask = 2147483647;
			files = (
			);
			runOnlyForDeploymentPostprocessing = 0;
		};
/* End PBXResourcesBuildPhase section */

/* Begin PBXSourcesBuildPhase section */
		DC8D7EC81C485BD4006A633A /* Sources */ = {
			isa = PBXSourcesBuildPhase;
			buildActionMask = 2147483647;
			files = (
				DC8D7EFE1C486473006A633A /* Target.swift in Sources */,
				DC8D7ED21C485BD4006A633A /* ViewController.swift in Sources */,
				DC8D7ED01C485BD4006A633A /* AppDelegate.swift in Sources */,
			);
			runOnlyForDeploymentPostprocessing = 0;
		};
		DC8D7EDC1C485BD4006A633A /* Sources */ = {
			isa = PBXSourcesBuildPhase;
			buildActionMask = 2147483647;
			files = (
				DC8D7F001C486505006A633A /* TargetTests.swift in Sources */,
				DC8D7EE51C485BD4006A633A /* SampleAppTests.swift in Sources */,
			);
			runOnlyForDeploymentPostprocessing = 0;
		};
/* End PBXSourcesBuildPhase section */

/* Begin PBXTargetDependency section */
		DC8D7EE21C485BD4006A633A /* PBXTargetDependency */ = {
			isa = PBXTargetDependency;
			target = DC8D7ECB1C485BD4006A633A /* SampleApp */;
			targetProxy = DC8D7EE11C485BD4006A633A /* PBXContainerItemProxy */;
		};
/* End PBXTargetDependency section */

/* Begin PBXVariantGroup section */
		DC8D7ED31C485BD4006A633A /* Main.storyboard */ = {
			isa = PBXVariantGroup;
			children = (
				DC8D7ED41C485BD4006A633A /* Base */,
			);
			name = Main.storyboard;
			sourceTree = "<group>";
		};
		DC8D7ED81C485BD4006A633A /* LaunchScreen.storyboard */ = {
			isa = PBXVariantGroup;
			children = (
				DC8D7ED91C485BD4006A633A /* Base */,
			);
			name = LaunchScreen.storyboard;
			sourceTree = "<group>";
		};
/* End PBXVariantGroup section */

/* Begin XCBuildConfiguration section */
		DC8D7EF21C485BD4006A633A /* Debug */ = {
			isa = XCBuildConfiguration;
			buildSettings = {
				ALWAYS_SEARCH_USER_PATHS = NO;
				CLANG_CXX_LANGUAGE_STANDARD = "gnu++0x";
				CLANG_CXX_LIBRARY = "libc++";
				CLANG_ENABLE_MODULES = YES;
				CLANG_ENABLE_OBJC_ARC = YES;
				CLANG_WARN_BOOL_CONVERSION = YES;
				CLANG_WARN_CONSTANT_CONVERSION = YES;
				CLANG_WARN_DIRECT_OBJC_ISA_USAGE = YES_ERROR;
				CLANG_WARN_EMPTY_BODY = YES;
				CLANG_WARN_ENUM_CONVERSION = YES;
				CLANG_WARN_INT_CONVERSION = YES;
				CLANG_WARN_OBJC_ROOT_CLASS = YES_ERROR;
				CLANG_WARN_UNREACHABLE_CODE = YES;
				CLANG_WARN__DUPLICATE_METHOD_MATCH = YES;
				"CODE_SIGN_IDENTITY[sdk=iphoneos*]" = "iPhone Developer";
				COPY_PHASE_STRIP = NO;
				DEBUG_INFORMATION_FORMAT = dwarf;
				ENABLE_STRICT_OBJC_MSGSEND = YES;
				ENABLE_TESTABILITY = YES;
				GCC_C_LANGUAGE_STANDARD = gnu99;
				GCC_DYNAMIC_NO_PIC = NO;
				GCC_NO_COMMON_BLOCKS = YES;
				GCC_OPTIMIZATION_LEVEL = 0;
				GCC_PREPROCESSOR_DEFINITIONS = (
					"DEBUG=1",
					"$(inherited)",
				);
				GCC_WARN_64_TO_32_BIT_CONVERSION = YES;
				GCC_WARN_ABOUT_RETURN_TYPE = YES_ERROR;
				GCC_WARN_UNDECLARED_SELECTOR = YES;
				GCC_WARN_UNINITIALIZED_AUTOS = YES_AGGRESSIVE;
				GCC_WARN_UNUSED_FUNCTION = YES;
				GCC_WARN_UNUSED_VARIABLE = YES;
				IPHONEOS_DEPLOYMENT_TARGET = 9.2;
				MTL_ENABLE_DEBUG_INFO = YES;
				ONLY_ACTIVE_ARCH = YES;
				SDKROOT = iphoneos;
				SWIFT_OPTIMIZATION_LEVEL = "-Onone";
			};
			name = Debug;
		};
		DC8D7EF31C485BD4006A633A /* Release */ = {
			isa = XCBuildConfiguration;
			buildSettings = {
				ALWAYS_SEARCH_USER_PATHS = NO;
				CLANG_CXX_LANGUAGE_STANDARD = "gnu++0x";
				CLANG_CXX_LIBRARY = "libc++";
				CLANG_ENABLE_MODULES = YES;
				CLANG_ENABLE_OBJC_ARC = YES;
				CLANG_WARN_BOOL_CONVERSION = YES;
				CLANG_WARN_CONSTANT_CONVERSION = YES;
				CLANG_WARN_DIRECT_OBJC_ISA_USAGE = YES_ERROR;
				CLANG_WARN_EMPTY_BODY = YES;
				CLANG_WARN_ENUM_CONVERSION = YES;
				CLANG_WARN_INT_CONVERSION = YES;
				CLANG_WARN_OBJC_ROOT_CLASS = YES_ERROR;
				CLANG_WARN_UNREACHABLE_CODE = YES;
				CLANG_WARN__DUPLICATE_METHOD_MATCH = YES;
				"CODE_SIGN_IDENTITY[sdk=iphoneos*]" = "iPhone Developer";
				COPY_PHASE_STRIP = NO;
				DEBUG_INFORMATION_FORMAT = "dwarf-with-dsym";
				ENABLE_NS_ASSERTIONS = NO;
				ENABLE_STRICT_OBJC_MSGSEND = YES;
				GCC_C_LANGUAGE_STANDARD = gnu99;
				GCC_NO_COMMON_BLOCKS = YES;
				GCC_WARN_64_TO_32_BIT_CONVERSION = YES;
				GCC_WARN_ABOUT_RETURN_TYPE = YES_ERROR;
				GCC_WARN_UNDECLARED_SELECTOR = YES;
				GCC_WARN_UNINITIALIZED_AUTOS = YES_AGGRESSIVE;
				GCC_WARN_UNUSED_FUNCTION = YES;
				GCC_WARN_UNUSED_VARIABLE = YES;
				IPHONEOS_DEPLOYMENT_TARGET = 9.2;
				MTL_ENABLE_DEBUG_INFO = NO;
				SDKROOT = iphoneos;
				VALIDATE_PRODUCT = YES;
			};
			name = Release;
		};
		DC8D7EF51C485BD4006A633A /* Debug */ = {
			isa = XCBuildConfiguration;
			buildSettings = {
				ASSETCATALOG_COMPILER_APPICON_NAME = AppIcon;
				INFOPLIST_FILE = SampleApp/Info.plist;
				LD_RUNPATH_SEARCH_PATHS = "$(inherited) @executable_path/Frameworks";
				PRODUCT_BUNDLE_IDENTIFIER = com.xilosada.SampleApp;
				PRODUCT_NAME = "$(TARGET_NAME)";
			};
			name = Debug;
		};
		DC8D7EF61C485BD4006A633A /* Release */ = {
			isa = XCBuildConfiguration;
			buildSettings = {
				ASSETCATALOG_COMPILER_APPICON_NAME = AppIcon;
				INFOPLIST_FILE = SampleApp/Info.plist;
				LD_RUNPATH_SEARCH_PATHS = "$(inherited) @executable_path/Frameworks";
				PRODUCT_BUNDLE_IDENTIFIER = com.xilosada.SampleApp;
				PRODUCT_NAME = "$(TARGET_NAME)";
			};
			name = Release;
		};
		DC8D7EF81C485BD4006A633A /* Debug */ = {
			isa = XCBuildConfiguration;
			buildSettings = {
				BUNDLE_LOADER = "$(TEST_HOST)";
				INFOPLIST_FILE = SampleAppTests/Info.plist;
				LD_RUNPATH_SEARCH_PATHS = "$(inherited) @executable_path/Frameworks @loader_path/Frameworks";
				PRODUCT_BUNDLE_IDENTIFIER = com.xilosada.SampleAppTests;
				PRODUCT_NAME = "$(TARGET_NAME)";
				TEST_HOST = "$(BUILT_PRODUCTS_DIR)/SampleApp.app/SampleApp";
			};
			name = Debug;
		};
		DC8D7EF91C485BD4006A633A /* Release */ = {
			isa = XCBuildConfiguration;
			buildSettings = {
				BUNDLE_LOADER = "$(TEST_HOST)";
				INFOPLIST_FILE = SampleAppTests/Info.plist;
				LD_RUNPATH_SEARCH_PATHS = "$(inherited) @executable_path/Frameworks @loader_path/Frameworks";
				PRODUCT_BUNDLE_IDENTIFIER = com.xilosada.SampleAppTests;
				PRODUCT_NAME = "$(TARGET_NAME)";
				TEST_HOST = "$(BUILT_PRODUCTS_DIR)/SampleApp.app/SampleApp";
			};
			name = Release;
		};
/* End XCBuildConfiguration section */

/* Begin XCConfigurationList section */
		DC8D7EC71C485BD4006A633A /* Build configuration list for PBXProject "SampleApp" */ = {
			isa = XCConfigurationList;
			buildConfigurations = (
				DC8D7EF21C485BD4006A633A /* Debug */,
				DC8D7EF31C485BD4006A633A /* Release */,
			);
			defaultConfigurationIsVisible = 0;
			defaultConfigurationName = Release;
		};
		DC8D7EF41C485BD4006A633A /* Build configuration list for PBXNativeTarget "SampleApp" */ = {
			isa = XCConfigurationList;
			buildConfigurations = (
				DC8D7EF51C485BD4006A633A /* Debug */,
				DC8D7EF61C485BD4006A633A /* Release */,
			);
			defaultConfigurationIsVisible = 0;
		};
		DC8D7EF71C485BD4006A633A /* Build configuration list for PBXNativeTarget "SampleAppTests" */ = {
			isa = XCConfigurationList;
			buildConfigurations = (
				DC8D7EF81C485BD4006A633A /* Debug */,
				DC8D7EF91C485BD4006A633A /* Release */,
			);
			defaultConfigurationIsVisible = 0;
		};
/* End XCConfigurationList section */
	};
	rootObject = DC8D7EC41C485BD4006A633A /* Project object */;
}
